// !$*UTF8*$!
{
	archiveVersion = 1;
	classes = {
	};
	objectVersion = 77;
	objects = {

/* Begin PBXContainerItemProxy section */
		A25463A22D9A381D0081921D /* PBXContainerItemProxy */ = {
			isa = PBXContainerItemProxy;
			containerPortal = A25463892D9A381A0081921D /* Project object */;
			proxyType = 1;
			remoteGlobalIDString = A25463902D9A381A0081921D;
			remoteInfo = BubbleTrouble;
		};
		A25463AC2D9A381D0081921D /* PBXContainerItemProxy */ = {
			isa = PBXContainerItemProxy;
			containerPortal = A25463892D9A381A0081921D /* Project object */;
			proxyType = 1;
			remoteGlobalIDString = A25463902D9A381A0081921D;
			remoteInfo = BubbleTrouble;
		};
/* End PBXContainerItemProxy section */

/* Begin PBXFileReference section */
		A25463912D9A381A0081921D /* BubbleTrouble.app */ = {isa = PBXFileReference; explicitFileType = wrapper.application; includeInIndex = 0; path = BubbleTrouble.app; sourceTree = BUILT_PRODUCTS_DIR; };
		A25463A12D9A381D0081921D /* BubbleTroubleTests.xctest */ = {isa = PBXFileReference; explicitFileType = wrapper.cfbundle; includeInIndex = 0; path = BubbleTroubleTests.xctest; sourceTree = BUILT_PRODUCTS_DIR; };
		A25463AB2D9A381D0081921D /* BubbleTroubleUITests.xctest */ = {isa = PBXFileReference; explicitFileType = wrapper.cfbundle; includeInIndex = 0; path = BubbleTroubleUITests.xctest; sourceTree = BUILT_PRODUCTS_DIR; };
/* End PBXFileReference section */

/* Begin PBXFileSystemSynchronizedRootGroup section */
		A25463932D9A381A0081921D /* BubbleTrouble */ = {
			isa = PBXFileSystemSynchronizedRootGroup;
			path = BubbleTrouble;
			sourceTree = "<group>";
		};
		A25463A42D9A381D0081921D /* BubbleTroubleTests */ = {
			isa = PBXFileSystemSynchronizedRootGroup;
			path = BubbleTroubleTests;
			sourceTree = "<group>";
		};
		A25463AE2D9A381D0081921D /* BubbleTroubleUITests */ = {
			isa = PBXFileSystemSynchronizedRootGroup;
			path = BubbleTroubleUITests;
			sourceTree = "<group>";
		};
/* End PBXFileSystemSynchronizedRootGroup section */

/* Begin PBXFrameworksBuildPhase section */
		A254638E2D9A381A0081921D /* Frameworks */ = {
			isa = PBXFrameworksBuildPhase;
			buildActionMask = 2147483647;
			files = (
			);
			runOnlyForDeploymentPostprocessing = 0;
		};
		A254639E2D9A381D0081921D /* Frameworks */ = {
			isa = PBXFrameworksBuildPhase;
			buildActionMask = 2147483647;
			files = (
			);
			runOnlyForDeploymentPostprocessing = 0;
		};
		A25463A82D9A381D0081921D /* Frameworks */ = {
			isa = PBXFrameworksBuildPhase;
			buildActionMask = 2147483647;
			files = (
			);
			runOnlyForDeploymentPostprocessing = 0;
		};
/* End PBXFrameworksBuildPhase section */

/* Begin PBXGroup section */
		A25463882D9A381A0081921D = {
			isa = PBXGroup;
			children = (
				A25463932D9A381A0081921D /* BubbleTrouble */,
				A25463A42D9A381D0081921D /* BubbleTroubleTests */,
				A25463AE2D9A381D0081921D /* BubbleTroubleUITests */,
				A25463922D9A381A0081921D /* Products */,
			);
			sourceTree = "<group>";
		};
		A25463922D9A381A0081921D /* Products */ = {
			isa = PBXGroup;
			children = (
				A25463912D9A381A0081921D /* BubbleTrouble.app */,
				A25463A12D9A381D0081921D /* BubbleTroubleTests.xctest */,
				A25463AB2D9A381D0081921D /* BubbleTroubleUITests.xctest */,
			);
			name = Products;
			sourceTree = "<group>";
		};
/* End PBXGroup section */

/* Begin PBXNativeTarget section */
		A25463902D9A381A0081921D /* BubbleTrouble */ = {
			isa = PBXNativeTarget;
			buildConfigurationList = A25463B52D9A381D0081921D /* Build configuration list for PBXNativeTarget "BubbleTrouble" */;
			buildPhases = (
				A254638D2D9A381A0081921D /* Sources */,
				A254638E2D9A381A0081921D /* Frameworks */,
				A254638F2D9A381A0081921D /* Resources */,
			);
			buildRules = (
			);
			dependencies = (
			);
			fileSystemSynchronizedGroups = (
				A25463932D9A381A0081921D /* BubbleTrouble */,
			);
			name = BubbleTrouble;
			packageProductDependencies = (
			);
			productName = BubbleTrouble;
			productReference = A25463912D9A381A0081921D /* BubbleTrouble.app */;
			productType = "com.apple.product-type.application";
		};
		A25463A02D9A381D0081921D /* BubbleTroubleTests */ = {
			isa = PBXNativeTarget;
			buildConfigurationList = A25463B82D9A381D0081921D /* Build configuration list for PBXNativeTarget "BubbleTroubleTests" */;
			buildPhases = (
				A254639D2D9A381D0081921D /* Sources */,
				A254639E2D9A381D0081921D /* Frameworks */,
				A254639F2D9A381D0081921D /* Resources */,
			);
			buildRules = (
			);
			dependencies = (
				A25463A32D9A381D0081921D /* PBXTargetDependency */,
			);
			fileSystemSynchronizedGroups = (
				A25463A42D9A381D0081921D /* BubbleTroubleTests */,
			);
			name = BubbleTroubleTests;
			packageProductDependencies = (
			);
			productName = BubbleTroubleTests;
			productReference = A25463A12D9A381D0081921D /* BubbleTroubleTests.xctest */;
			productType = "com.apple.product-type.bundle.unit-test";
		};
		A25463AA2D9A381D0081921D /* BubbleTroubleUITests */ = {
			isa = PBXNativeTarget;
			buildConfigurationList = A25463BB2D9A381D0081921D /* Build configuration list for PBXNativeTarget "BubbleTroubleUITests" */;
			buildPhases = (
				A25463A72D9A381D0081921D /* Sources */,
				A25463A82D9A381D0081921D /* Frameworks */,
				A25463A92D9A381D0081921D /* Resources */,
			);
			buildRules = (
			);
			dependencies = (
				A25463AD2D9A381D0081921D /* PBXTargetDependency */,
			);
			fileSystemSynchronizedGroups = (
				A25463AE2D9A381D0081921D /* BubbleTroubleUITests */,
			);
			name = BubbleTroubleUITests;
			packageProductDependencies = (
			);
			productName = BubbleTroubleUITests;
			productReference = A25463AB2D9A381D0081921D /* BubbleTroubleUITests.xctest */;
			productType = "com.apple.product-type.bundle.ui-testing";
		};
/* End PBXNativeTarget section */

/* Begin PBXProject section */
		A25463892D9A381A0081921D /* Project object */ = {
			isa = PBXProject;
			attributes = {
				BuildIndependentTargetsInParallel = 1;
				LastSwiftUpdateCheck = 1620;
				LastUpgradeCheck = 1620;
				TargetAttributes = {
					A25463902D9A381A0081921D = {
						CreatedOnToolsVersion = 16.2;
					};
					A25463A02D9A381D0081921D = {
						CreatedOnToolsVersion = 16.2;
						TestTargetID = A25463902D9A381A0081921D;
					};
					A25463AA2D9A381D0081921D = {
						CreatedOnToolsVersion = 16.2;
						TestTargetID = A25463902D9A381A0081921D;
					};
				};
			};
			buildConfigurationList = A254638C2D9A381A0081921D /* Build configuration list for PBXProject "BubbleTrouble" */;
			developmentRegion = en;
			hasScannedForEncodings = 0;
			knownRegions = (
				en,
				Base,
			);
			mainGroup = A25463882D9A381A0081921D;
			minimizedProjectReferenceProxies = 1;
			preferredProjectObjectVersion = 77;
			productRefGroup = A25463922D9A381A0081921D /* Products */;
			projectDirPath = "";
			projectRoot = "";
			targets = (
				A25463902D9A381A0081921D /* BubbleTrouble */,
				A25463A02D9A381D0081921D /* BubbleTroubleTests */,
				A25463AA2D9A381D0081921D /* BubbleTroubleUITests */,
			);
		};
/* End PBXProject section */

/* Begin PBXResourcesBuildPhase section */
		A254638F2D9A381A0081921D /* Resources */ = {
			isa = PBXResourcesBuildPhase;
			buildActionMask = 2147483647;
			files = (
			);
			runOnlyForDeploymentPostprocessing = 0;
		};
		A254639F2D9A381D0081921D /* Resources */ = {
			isa = PBXResourcesBuildPhase;
			buildActionMask = 2147483647;
			files = (
			);
			runOnlyForDeploymentPostprocessing = 0;
		};
		A25463A92D9A381D0081921D /* Resources */ = {
			isa = PBXResourcesBuildPhase;
			buildActionMask = 2147483647;
			files = (
			);
			runOnlyForDeploymentPostprocessing = 0;
		};
/* End PBXResourcesBuildPhase section */

/* Begin PBXSourcesBuildPhase section */
		A254638D2D9A381A0081921D /* Sources */ = {
			isa = PBXSourcesBuildPhase;
			buildActionMask = 2147483647;
			files = (
			);
			runOnlyForDeploymentPostprocessing = 0;
		};
		A254639D2D9A381D0081921D /* Sources */ = {
			isa = PBXSourcesBuildPhase;
			buildActionMask = 2147483647;
			files = (
			);
			runOnlyForDeploymentPostprocessing = 0;
		};
		A25463A72D9A381D0081921D /* Sources */ = {
			isa = PBXSourcesBuildPhase;
			buildActionMask = 2147483647;
			files = (
			);
			runOnlyForDeploymentPostprocessing = 0;
		};
/* End PBXSourcesBuildPhase section */

/* Begin PBXTargetDependency section */
		A25463A32D9A381D0081921D /* PBXTargetDependency */ = {
			isa = PBXTargetDependency;
			target = A25463902D9A381A0081921D /* BubbleTrouble */;
			targetProxy = A25463A22D9A381D0081921D /* PBXContainerItemProxy */;
		};
		A25463AD2D9A381D0081921D /* PBXTargetDependency */ = {
			isa = PBXTargetDependency;
			target = A25463902D9A381A0081921D /* BubbleTrouble */;
			targetProxy = A25463AC2D9A381D0081921D /* PBXContainerItemProxy */;
		};
/* End PBXTargetDependency section */

/* Begin XCBuildConfiguration section */
		A25463B32D9A381D0081921D /* Debug */ = {
			isa = XCBuildConfiguration;
			buildSettings = {
				ALWAYS_SEARCH_USER_PATHS = NO;
				ASSETCATALOG_COMPILER_GENERATE_SWIFT_ASSET_SYMBOL_EXTENSIONS = YES;
				CLANG_ANALYZER_NONNULL = YES;
				CLANG_ANALYZER_NUMBER_OBJECT_CONVERSION = YES_AGGRESSIVE;
				CLANG_CXX_LANGUAGE_STANDARD = "gnu++20";
				CLANG_ENABLE_MODULES = YES;
				CLANG_ENABLE_OBJC_ARC = YES;
				CLANG_ENABLE_OBJC_WEAK = YES;
				CLANG_WARN_BLOCK_CAPTURE_AUTORELEASING = YES;
				CLANG_WARN_BOOL_CONVERSION = YES;
				CLANG_WARN_COMMA = YES;
				CLANG_WARN_CONSTANT_CONVERSION = YES;
				CLANG_WARN_DEPRECATED_OBJC_IMPLEMENTATIONS = YES;
				CLANG_WARN_DIRECT_OBJC_ISA_USAGE = YES_ERROR;
				CLANG_WARN_DOCUMENTATION_COMMENTS = YES;
				CLANG_WARN_EMPTY_BODY = YES;
				CLANG_WARN_ENUM_CONVERSION = YES;
				CLANG_WARN_INFINITE_RECURSION = YES;
				CLANG_WARN_INT_CONVERSION = YES;
				CLANG_WARN_NON_LITERAL_NULL_CONVERSION = YES;
				CLANG_WARN_OBJC_IMPLICIT_RETAIN_SELF = YES;
				CLANG_WARN_OBJC_LITERAL_CONVERSION = YES;
				CLANG_WARN_OBJC_ROOT_CLASS = YES_ERROR;
				CLANG_WARN_QUOTED_INCLUDE_IN_FRAMEWORK_HEADER = YES;
				CLANG_WARN_RANGE_LOOP_ANALYSIS = YES;
				CLANG_WARN_STRICT_PROTOTYPES = YES;
				CLANG_WARN_SUSPICIOUS_MOVE = YES;
				CLANG_WARN_UNGUARDED_AVAILABILITY = YES_AGGRESSIVE;
				CLANG_WARN_UNREACHABLE_CODE = YES;
				CLANG_WARN__DUPLICATE_METHOD_MATCH = YES;
				COPY_PHASE_STRIP = NO;
				DEBUG_INFORMATION_FORMAT = dwarf;
				ENABLE_STRICT_OBJC_MSGSEND = YES;
				ENABLE_TESTABILITY = YES;
				ENABLE_USER_SCRIPT_SANDBOXING = YES;
				GCC_C_LANGUAGE_STANDARD = gnu17;
				GCC_DYNAMIC_NO_PIC = NO;
				GCC_NO_COMMON_BLOCKS = YES;
				GCC_OPTIMIZATION_LEVEL = 0;
				GCC_PREPROCESSOR_DEFINITIONS = (
					"DEBUG=1",
					"$(inherited)",
				);
				GCC_WARN_64_TO_32_BIT_CONVERSION = YES;
				GCC_WARN_ABOUT_RETURN_TYPE = YES_ERROR;
				GCC_WARN_UNDECLARED_SELECTOR = YES;
				GCC_WARN_UNINITIALIZED_AUTOS = YES_AGGRESSIVE;
				GCC_WARN_UNUSED_FUNCTION = YES;
				GCC_WARN_UNUSED_VARIABLE = YES;
				IPHONEOS_DEPLOYMENT_TARGET = 18.2;
				LOCALIZATION_PREFERS_STRING_CATALOGS = YES;
				MTL_ENABLE_DEBUG_INFO = INCLUDE_SOURCE;
				MTL_FAST_MATH = YES;
				ONLY_ACTIVE_ARCH = YES;
				SDKROOT = iphoneos;
				SWIFT_ACTIVE_COMPILATION_CONDITIONS = "DEBUG $(inherited)";
				SWIFT_OPTIMIZATION_LEVEL = "-Onone";
			};
			name = Debug;
		};
		A25463B42D9A381D0081921D /* Release */ = {
			isa = XCBuildConfiguration;
			buildSettings = {
				ALWAYS_SEARCH_USER_PATHS = NO;
				ASSETCATALOG_COMPILER_GENERATE_SWIFT_ASSET_SYMBOL_EXTENSIONS = YES;
				CLANG_ANALYZER_NONNULL = YES;
				CLANG_ANALYZER_NUMBER_OBJECT_CONVERSION = YES_AGGRESSIVE;
				CLANG_CXX_LANGUAGE_STANDARD = "gnu++20";
				CLANG_ENABLE_MODULES = YES;
				CLANG_ENABLE_OBJC_ARC = YES;
				CLANG_ENABLE_OBJC_WEAK = YES;
				CLANG_WARN_BLOCK_CAPTURE_AUTORELEASING = YES;
				CLANG_WARN_BOOL_CONVERSION = YES;
				CLANG_WARN_COMMA = YES;
				CLANG_WARN_CONSTANT_CONVERSION = YES;
				CLANG_WARN_DEPRECATED_OBJC_IMPLEMENTATIONS = YES;
				CLANG_WARN_DIRECT_OBJC_ISA_USAGE = YES_ERROR;
				CLANG_WARN_DOCUMENTATION_COMMENTS = YES;
				CLANG_WARN_EMPTY_BODY = YES;
				CLANG_WARN_ENUM_CONVERSION = YES;
				CLANG_WARN_INFINITE_RECURSION = YES;
				CLANG_WARN_INT_CONVERSION = YES;
				CLANG_WARN_NON_LITERAL_NULL_CONVERSION = YES;
				CLANG_WARN_OBJC_IMPLICIT_RETAIN_SELF = YES;
				CLANG_WARN_OBJC_LITERAL_CONVERSION = YES;
				CLANG_WARN_OBJC_ROOT_CLASS = YES_ERROR;
				CLANG_WARN_QUOTED_INCLUDE_IN_FRAMEWORK_HEADER = YES;
				CLANG_WARN_RANGE_LOOP_ANALYSIS = YES;
				CLANG_WARN_STRICT_PROTOTYPES = YES;
				CLANG_WARN_SUSPICIOUS_MOVE = YES;
				CLANG_WARN_UNGUARDED_AVAILABILITY = YES_AGGRESSIVE;
				CLANG_WARN_UNREACHABLE_CODE = YES;
				CLANG_WARN__DUPLICATE_METHOD_MATCH = YES;
				COPY_PHASE_STRIP = NO;
				DEBUG_INFORMATION_FORMAT = "dwarf-with-dsym";
				ENABLE_NS_ASSERTIONS = NO;
				ENABLE_STRICT_OBJC_MSGSEND = YES;
				ENABLE_USER_SCRIPT_SANDBOXING = YES;
				GCC_C_LANGUAGE_STANDARD = gnu17;
				GCC_NO_COMMON_BLOCKS = YES;
				GCC_WARN_64_TO_32_BIT_CONVERSION = YES;
				GCC_WARN_ABOUT_RETURN_TYPE = YES_ERROR;
				GCC_WARN_UNDECLARED_SELECTOR = YES;
				GCC_WARN_UNINITIALIZED_AUTOS = YES_AGGRESSIVE;
				GCC_WARN_UNUSED_FUNCTION = YES;
				GCC_WARN_UNUSED_VARIABLE = YES;
				IPHONEOS_DEPLOYMENT_TARGET = 18.2;
				LOCALIZATION_PREFERS_STRING_CATALOGS = YES;
				MTL_ENABLE_DEBUG_INFO = NO;
				MTL_FAST_MATH = YES;
				SDKROOT = iphoneos;
				SWIFT_COMPILATION_MODE = wholemodule;
				VALIDATE_PRODUCT = YES;
			};
			name = Release;
		};
		A25463B62D9A381D0081921D /* Debug */ = {
			isa = XCBuildConfiguration;
			buildSettings = {
				ASSETCATALOG_COMPILER_APPICON_NAME = AppIcon;
				ASSETCATALOG_COMPILER_GLOBAL_ACCENT_COLOR_NAME = AccentColor;
				CODE_SIGN_STYLE = Automatic;
				CURRENT_PROJECT_VERSION = 1;
				DEVELOPMENT_ASSET_PATHS = "\"BubbleTrouble/Preview Content\"";
				DEVELOPMENT_TEAM = 5G8X7977BX;
				ENABLE_PREVIEWS = YES;
				GENERATE_INFOPLIST_FILE = YES;
				INFOPLIST_KEY_UIApplicationSceneManifest_Generation = YES;
				INFOPLIST_KEY_UIApplicationSupportsIndirectInputEvents = YES;
				INFOPLIST_KEY_UILaunchScreen_Generation = YES;
				INFOPLIST_KEY_UISupportedInterfaceOrientations_iPad = "UIInterfaceOrientationPortrait UIInterfaceOrientationPortraitUpsideDown UIInterfaceOrientationLandscapeLeft UIInterfaceOrientationLandscapeRight";
				INFOPLIST_KEY_UISupportedInterfaceOrientations_iPhone = "UIInterfaceOrientationPortrait UIInterfaceOrientationLandscapeLeft UIInterfaceOrientationLandscapeRight";
				LD_RUNPATH_SEARCH_PATHS = (
					"$(inherited)",
					"@executable_path/Frameworks",
				);
				MARKETING_VERSION = 1.0;
				PRODUCT_BUNDLE_IDENTIFIER = com.BubbleTrouble;
				PRODUCT_NAME = "$(TARGET_NAME)";
				SWIFT_EMIT_LOC_STRINGS = YES;
				SWIFT_VERSION = 5.0;
				TARGETED_DEVICE_FAMILY = "1,2";
			};
			name = Debug;
		};
		A25463B72D9A381D0081921D /* Release */ = {
			isa = XCBuildConfiguration;
			buildSettings = {
				ASSETCATALOG_COMPILER_APPICON_NAME = AppIcon;
				ASSETCATALOG_COMPILER_GLOBAL_ACCENT_COLOR_NAME = AccentColor;
				CODE_SIGN_STYLE = Automatic;
				CURRENT_PROJECT_VERSION = 1;
				DEVELOPMENT_ASSET_PATHS = "\"BubbleTrouble/Preview Content\"";
				DEVELOPMENT_TEAM = 5G8X7977BX;
				ENABLE_PREVIEWS = YES;
				GENERATE_INFOPLIST_FILE = YES;
				INFOPLIST_KEY_UIApplicationSceneManifest_Generation = YES;
				INFOPLIST_KEY_UIApplicationSupportsIndirectInputEvents = YES;
				INFOPLIST_KEY_UILaunchScreen_Generation = YES;
				INFOPLIST_KEY_UISupportedInterfaceOrientations_iPad = "UIInterfaceOrientationPortrait UIInterfaceOrientationPortraitUpsideDown UIInterfaceOrientationLandscapeLeft UIInterfaceOrientationLandscapeRight";
				INFOPLIST_KEY_UISupportedInterfaceOrientations_iPhone = "UIInterfaceOrientationPortrait UIInterfaceOrientationLandscapeLeft UIInterfaceOrientationLandscapeRight";
				LD_RUNPATH_SEARCH_PATHS = (
					"$(inherited)",
					"@executable_path/Frameworks",
				);
				MARKETING_VERSION = 1.0;
				PRODUCT_BUNDLE_IDENTIFIER = com.BubbleTrouble;
				PRODUCT_NAME = "$(TARGET_NAME)";
				SWIFT_EMIT_LOC_STRINGS = YES;
				SWIFT_VERSION = 5.0;
				TARGETED_DEVICE_FAMILY = "1,2";
			};
			name = Release;
		};
		A25463B92D9A381D0081921D /* Debug */ = {
			isa = XCBuildConfiguration;
			buildSettings = {
				BUNDLE_LOADER = "$(TEST_HOST)";
				CODE_SIGN_STYLE = Automatic;
				CURRENT_PROJECT_VERSION = 1;
				DEVELOPMENT_TEAM = 5G8X7977BX;
				GENERATE_INFOPLIST_FILE = YES;
				IPHONEOS_DEPLOYMENT_TARGET = 18.2;
				MARKETING_VERSION = 1.0;
				PRODUCT_BUNDLE_IDENTIFIER = com.BubbleTroubleTests;
				PRODUCT_NAME = "$(TARGET_NAME)";
				SWIFT_EMIT_LOC_STRINGS = NO;
				SWIFT_VERSION = 5.0;
				TARGETED_DEVICE_FAMILY = "1,2";
				TEST_HOST = "$(BUILT_PRODUCTS_DIR)/BubbleTrouble.app/$(BUNDLE_EXECUTABLE_FOLDER_PATH)/BubbleTrouble";
			};
			name = Debug;
		};
		A25463BA2D9A381D0081921D /* Release */ = {
			isa = XCBuildConfiguration;
			buildSettings = {
				BUNDLE_LOADER = "$(TEST_HOST)";
				CODE_SIGN_STYLE = Automatic;
				CURRENT_PROJECT_VERSION = 1;
				DEVELOPMENT_TEAM = 5G8X7977BX;
				GENERATE_INFOPLIST_FILE = YES;
				IPHONEOS_DEPLOYMENT_TARGET = 18.2;
				MARKETING_VERSION = 1.0;
				PRODUCT_BUNDLE_IDENTIFIER = com.BubbleTroubleTests;
				PRODUCT_NAME = "$(TARGET_NAME)";
				SWIFT_EMIT_LOC_STRINGS = NO;
				SWIFT_VERSION = 5.0;
				TARGETED_DEVICE_FAMILY = "1,2";
				TEST_HOST = "$(BUILT_PRODUCTS_DIR)/BubbleTrouble.app/$(BUNDLE_EXECUTABLE_FOLDER_PATH)/BubbleTrouble";
			};
			name = Release;
		};
		A25463BC2D9A381D0081921D /* Debug */ = {
			isa = XCBuildConfiguration;
			buildSettings = {
				CODE_SIGN_STYLE = Automatic;
				CURRENT_PROJECT_VERSION = 1;
				DEVELOPMENT_TEAM = 5G8X7977BX;
				GENERATE_INFOPLIST_FILE = YES;
				MARKETING_VERSION = 1.0;
				PRODUCT_BUNDLE_IDENTIFIER = com.BubbleTroubleUITests;
				PRODUCT_NAME = "$(TARGET_NAME)";
				SWIFT_EMIT_LOC_STRINGS = NO;
				SWIFT_VERSION = 5.0;
				TARGETED_DEVICE_FAMILY = "1,2";
				TEST_TARGET_NAME = BubbleTrouble;
			};
			name = Debug;
		};
		A25463BD2D9A381D0081921D /* Release */ = {
			isa = XCBuildConfiguration;
			buildSettings = {
				CODE_SIGN_STYLE = Automatic;
				CURRENT_PROJECT_VERSION = 1;
				DEVELOPMENT_TEAM = 5G8X7977BX;
				GENERATE_INFOPLIST_FILE = YES;
				MARKETING_VERSION = 1.0;
				PRODUCT_BUNDLE_IDENTIFIER = com.BubbleTroubleUITests;
				PRODUCT_NAME = "$(TARGET_NAME)";
				SWIFT_EMIT_LOC_STRINGS = NO;
				SWIFT_VERSION = 5.0;
				TARGETED_DEVICE_FAMILY = "1,2";
				TEST_TARGET_NAME = BubbleTrouble;
			};
			name = Release;
		};
/* End XCBuildConfiguration section */

/* Begin XCConfigurationList section */
		A254638C2D9A381A0081921D /* Build configuration list for PBXProject "BubbleTrouble" */ = {
			isa = XCConfigurationList;
			buildConfigurations = (
				A25463B32D9A381D0081921D /* Debug */,
				A25463B42D9A381D0081921D /* Release */,
			);
			defaultConfigurationIsVisible = 0;
			defaultConfigurationName = Release;
		};
		A25463B52D9A381D0081921D /* Build configuration list for PBXNativeTarget "BubbleTrouble" */ = {
			isa = XCConfigurationList;
			buildConfigurations = (
				A25463B62D9A381D0081921D /* Debug */,
				A25463B72D9A381D0081921D /* Release */,
			);
			defaultConfigurationIsVisible = 0;
			defaultConfigurationName = Release;
		};
		A25463B82D9A381D0081921D /* Build configuration list for PBXNativeTarget "BubbleTroubleTests" */ = {
			isa = XCConfigurationList;
			buildConfigurations = (
				A25463B92D9A381D0081921D /* Debug */,
				A25463BA2D9A381D0081921D /* Release */,
			);
			defaultConfigurationIsVisible = 0;
			defaultConfigurationName = Release;
		};
		A25463BB2D9A381D0081921D /* Build configuration list for PBXNativeTarget "BubbleTroubleUITests" */ = {
			isa = XCConfigurationList;
			buildConfigurations = (
				A25463BC2D9A381D0081921D /* Debug */,
				A25463BD2D9A381D0081921D /* Release */,
			);
			defaultConfigurationIsVisible = 0;
			defaultConfigurationName = Release;
		};
/* End XCConfigurationList section */
	};
	rootObject = A25463892D9A381A0081921D /* Project object */;
}
